{
  "requires": true,
  "lockfileVersion": 1,
  "dependencies": {
    "nak_smallsha": {
      "version": "1.0.17",
      "resolved": "https://registry.npmjs.org/nak_smallsha/-/nak_smallsha-1.0.17.tgz",
      "integrity": "sha512-dpepqJlD7ZgZ+nSvLX5UzBkZ7R+364L8iYAc+wchd8gZvE/SEKVyi6ITisMfP74P2gYsLnH6eUSdVUWh777eMg=="
    }
  }
}
